
Microsoft Visual Studio Solution File, Format Version 12.00
# Visual Studio Version 17
VisualStudioVersion = 17.0.31903.59
MinimumVisualStudioVersion = 10.0.40219.1
Project("{2150E333-8FDC-42A3-9474-1A3956D46DE8}") = "Application", "Application", "{A74F262E-BDE7-D5D2-89E9-785413424D0A}"
EndProject
Project("{FAE04EC0-301F-11D3-BF4B-00C04F79EFBC}") = "SampleMortgageCalculator", "Application\SampleMortgageCalculator.csproj", "{4E830559-4F71-4222-917E-5B20908626AD}"
EndProject
Project("{2150E333-8FDC-42A3-9474-1A3956D46DE8}") = "Tests", "Tests", "{02EA681E-C7D8-13C7-8484-4AC65E1B71E8}"
EndProject
Project("{FAE04EC0-301F-11D3-BF4B-00C04F79EFBC}") = "UITests_E2E", "Tests\UITests_E2E\UITests_E2E.csproj", "{AEB941C7-3D11-585F-7170-2BBF8EA51DD5}"
EndProject
Project("{FAE04EC0-301F-11D3-BF4B-00C04F79EFBC}") = "Tests", "Tests\UnitTests\Tests.csproj", "{A9120FF7-BAF2-8EE5-8429-85BFD7B20FD9}"
EndProject
Project("{FAE04EC0-301F-11D3-BF4B-00C04F79EFBC}") = "UITests_AvaloniaHeadless", "Tests\UITests_Headless\UITests_AvaloniaHeadless.csproj", "{C82FFC6B-A412-A3F8-CBE4-0B9C6C846620}"
EndProject
Global
	GlobalSection(SolutionConfigurationPlatforms) = preSolution
		Debug|Any CPU = Debug|Any CPU
		Debug|x64 = Debug|x64
		Debug|x86 = Debug|x86
		Release|Any CPU = Release|Any CPU
		Release|x64 = Release|x64
		Release|x86 = Release|x86
	EndGlobalSection
	GlobalSection(ProjectConfigurationPlatforms) = postSolution
		{4E830559-4F71-4222-917E-5B20908626AD}.Debug|Any CPU.ActiveCfg = Debug|Any CPU
		{4E830559-4F71-4222-917E-5B20908626AD}.Debug|Any CPU.Build.0 = Debug|Any CPU
		{4E830559-4F71-4222-917E-5B20908626AD}.Debug|x64.ActiveCfg = Debug|Any CPU
		{4E830559-4F71-4222-917E-5B20908626AD}.Debug|x64.Build.0 = Debug|Any CPU
		{4E830559-4F71-4222-917E-5B20908626AD}.Debug|x86.ActiveCfg = Debug|Any CPU
		{4E830559-4F71-4222-917E-5B20908626AD}.Debug|x86.Build.0 = Debug|Any CPU
		{4E830559-4F71-4222-917E-5B20908626AD}.Release|Any CPU.ActiveCfg = Release|Any CPU
		{4E830559-4F71-4222-917E-5B20908626AD}.Release|Any CPU.Build.0 = Release|Any CPU
		{4E830559-4F71-4222-917E-5B20908626AD}.Release|x64.ActiveCfg = Release|Any CPU
		{4E830559-4F71-4222-917E-5B20908626AD}.Release|x64.Build.0 = Release|Any CPU
		{4E830559-4F71-4222-917E-5B20908626AD}.Release|x86.ActiveCfg = Release|Any CPU
		{4E830559-4F71-4222-917E-5B20908626AD}.Release|x86.Build.0 = Release|Any CPU
		{AEB941C7-3D11-585F-7170-2BBF8EA51DD5}.Debug|Any CPU.ActiveCfg = Debug|Any CPU
		{AEB941C7-3D11-585F-7170-2BBF8EA51DD5}.Debug|Any CPU.Build.0 = Debug|Any CPU
		{AEB941C7-3D11-585F-7170-2BBF8EA51DD5}.Debug|x64.ActiveCfg = Debug|Any CPU
		{AEB941C7-3D11-585F-7170-2BBF8EA51DD5}.Debug|x64.Build.0 = Debug|Any CPU
		{AEB941C7-3D11-585F-7170-2BBF8EA51DD5}.Debug|x86.ActiveCfg = Debug|Any CPU
		{AEB941C7-3D11-585F-7170-2BBF8EA51DD5}.Debug|x86.Build.0 = Debug|Any CPU
		{AEB941C7-3D11-585F-7170-2BBF8EA51DD5}.Release|Any CPU.ActiveCfg = Release|Any CPU
		{AEB941C7-3D11-585F-7170-2BBF8EA51DD5}.Release|Any CPU.Build.0 = Release|Any CPU
		{AEB941C7-3D11-585F-7170-2BBF8EA51DD5}.Release|x64.ActiveCfg = Release|Any CPU
		{AEB941C7-3D11-585F-7170-2BBF8EA51DD5}.Release|x64.Build.0 = Release|Any CPU
		{AEB941C7-3D11-585F-7170-2BBF8EA51DD5}.Release|x86.ActiveCfg = Release|Any CPU
		{AEB941C7-3D11-585F-7170-2BBF8EA51DD5}.Release|x86.Build.0 = Release|Any CPU
		{A9120FF7-BAF2-8EE5-8429-85BFD7B20FD9}.Debug|Any CPU.ActiveCfg = Debug|Any CPU
		{A9120FF7-BAF2-8EE5-8429-85BFD7B20FD9}.Debug|Any CPU.Build.0 = Debug|Any CPU
		{A9120FF7-BAF2-8EE5-8429-85BFD7B20FD9}.Debug|x64.ActiveCfg = Debug|Any CPU
		{A9120FF7-BAF2-8EE5-8429-85BFD7B20FD9}.Debug|x64.Build.0 = Debug|Any CPU
		{A9120FF7-BAF2-8EE5-8429-85BFD7B20FD9}.Debug|x86.ActiveCfg = Debug|Any CPU
		{A9120FF7-BAF2-8EE5-8429-85BFD7B20FD9}.Debug|x86.Build.0 = Debug|Any CPU
		{A9120FF7-BAF2-8EE5-8429-85BFD7B20FD9}.Release|Any CPU.ActiveCfg = Release|Any CPU
		{A9120FF7-BAF2-8EE5-8429-85BFD7B20FD9}.Release|Any CPU.Build.0 = Release|Any CPU
		{A9120FF7-BAF2-8EE5-8429-85BFD7B20FD9}.Release|x64.ActiveCfg = Release|Any CPU
		{A9120FF7-BAF2-8EE5-8429-85BFD7B20FD9}.Release|x64.Build.0 = Release|Any CPU
		{A9120FF7-BAF2-8EE5-8429-85BFD7B20FD9}.Release|x86.ActiveCfg = Release|Any CPU
		{A9120FF7-BAF2-8EE5-8429-85BFD7B20FD9}.Release|x86.Build.0 = Release|Any CPU
		{C82FFC6B-A412-A3F8-CBE4-0B9C6C846620}.Debug|Any CPU.ActiveCfg = Debug|Any CPU
		{C82FFC6B-A412-A3F8-CBE4-0B9C6C846620}.Debug|Any CPU.Build.0 = Debug|Any CPU
		{C82FFC6B-A412-A3F8-CBE4-0B9C6C846620}.Debug|x64.ActiveCfg = Debug|Any CPU
		{C82FFC6B-A412-A3F8-CBE4-0B9C6C846620}.Debug|x64.Build.0 = Debug|Any CPU
		{C82FFC6B-A412-A3F8-CBE4-0B9C6C846620}.Debug|x86.ActiveCfg = Debug|Any CPU
		{C82FFC6B-A412-A3F8-CBE4-0B9C6C846620}.Debug|x86.Build.0 = Debug|Any CPU
		{C82FFC6B-A412-A3F8-CBE4-0B9C6C846620}.Release|Any CPU.ActiveCfg = Release|Any CPU
		{C82FFC6B-A412-A3F8-CBE4-0B9C6C846620}.Release|Any CPU.Build.0 = Release|Any CPU
		{C82FFC6B-A412-A3F8-CBE4-0B9C6C846620}.Release|x64.ActiveCfg = Release|Any CPU
		{C82FFC6B-A412-A3F8-CBE4-0B9C6C846620}.Release|x64.Build.0 = Release|Any CPU
		{C82FFC6B-A412-A3F8-CBE4-0B9C6C846620}.Release|x86.ActiveCfg = Release|Any CPU
		{C82FFC6B-A412-A3F8-CBE4-0B9C6C846620}.Release|x86.Build.0 = Release|Any CPU
	EndGlobalSection
	GlobalSection(SolutionProperties) = preSolution
		HideSolutionNode = FALSE
	EndGlobalSection
	GlobalSection(NestedProjects) = preSolution
		{4E830559-4F71-4222-917E-5B20908626AD} = {A74F262E-BDE7-D5D2-89E9-785413424D0A}
		{AEB941C7-3D11-585F-7170-2BBF8EA51DD5} = {02EA681E-C7D8-13C7-8484-4AC65E1B71E8}
		{A9120FF7-BAF2-8EE5-8429-85BFD7B20FD9} = {02EA681E-C7D8-13C7-8484-4AC65E1B71E8}
		{C82FFC6B-A412-A3F8-CBE4-0B9C6C846620} = {02EA681E-C7D8-13C7-8484-4AC65E1B71E8}
	EndGlobalSection
	GlobalSection(ExtensibilityGlobals) = postSolution
		SolutionGuid = {97FFD1F8-3569-440E-9F17-606203A35EC9}
	EndGlobalSection
EndGlobal
